
Microsoft Visual Studio Solution File, Format Version 12.00
# Visual Studio Version 16
VisualStudioVersion = 16.0.28803.452
MinimumVisualStudioVersion = 10.0.40219.1
Project("{9A19103F-16F7-4668-BE54-9A1E7A4F7556}") = "FileProcessing", "FileProcessing\FileProcessing.csproj", "{EAEFCCEC-10D9-4B0D-9A9E-2741B514C34B}"
EndProject
Project("{9A19103F-16F7-4668-BE54-9A1E7A4F7556}") = "AWSServerless1", "AWSServerless1\AWSServerless1.csproj", "{2F1DD6C9-27CA-4FEF-B17F-EADA12E3B184}"
EndProject
Global
	GlobalSection(SolutionConfigurationPlatforms) = preSolution
		Debug|Any CPU = Debug|Any CPU
		Release|Any CPU = Release|Any CPU
	EndGlobalSection
	GlobalSection(ProjectConfigurationPlatforms) = postSolution
		{EAEFCCEC-10D9-4B0D-9A9E-2741B514C34B}.Debug|Any CPU.ActiveCfg = Debug|Any CPU
		{EAEFCCEC-10D9-4B0D-9A9E-2741B514C34B}.Debug|Any CPU.Build.0 = Debug|Any CPU
		{EAEFCCEC-10D9-4B0D-9A9E-2741B514C34B}.Release|Any CPU.ActiveCfg = Release|Any CPU
		{EAEFCCEC-10D9-4B0D-9A9E-2741B514C34B}.Release|Any CPU.Build.0 = Release|Any CPU
		{2F1DD6C9-27CA-4FEF-B17F-EADA12E3B184}.Debug|Any CPU.ActiveCfg = Debug|Any CPU
		{2F1DD6C9-27CA-4FEF-B17F-EADA12E3B184}.Debug|Any CPU.Build.0 = Debug|Any CPU
		{2F1DD6C9-27CA-4FEF-B17F-EADA12E3B184}.Release|Any CPU.ActiveCfg = Release|Any CPU
		{2F1DD6C9-27CA-4FEF-B17F-EADA12E3B184}.Release|Any CPU.Build.0 = Release|Any CPU
	EndGlobalSection
	GlobalSection(SolutionProperties) = preSolution
		HideSolutionNode = FALSE
	EndGlobalSection
	GlobalSection(ExtensibilityGlobals) = postSolution
		SolutionGuid = {66906BC5-8500-4654-BE9F-AAF649195611}
	EndGlobalSection
EndGlobal
